// !$*UTF8*$!
{
	archiveVersion = 1;
	classes = {
	};
	objectVersion = 48;
	objects = {

/* Begin PBXBuildFile section */
		BE0BD9151F54AB3600EDD0EA /* TrianglePin.swift in Sources */ = {isa = PBXBuildFile; fileRef = BE0BD9141F54AB3600EDD0EA /* TrianglePin.swift */; };
		BE1542101F5F37D000D4B710 /* DistanceTriangleTableViewCell.swift in Sources */ = {isa = PBXBuildFile; fileRef = BE15420F1F5F37D000D4B710 /* DistanceTriangleTableViewCell.swift */; };
		BE2CEA711F5B1E3700EE418D /* EdgePinViewAnnotation.swift in Sources */ = {isa = PBXBuildFile; fileRef = BE2CEA701F5B1E3700EE418D /* EdgePinViewAnnotation.swift */; };
		BE2CEA731F5B22AC00EE418D /* CenterPinViewAnnotation.swift in Sources */ = {isa = PBXBuildFile; fileRef = BE2CEA721F5B22AC00EE418D /* CenterPinViewAnnotation.swift */; };
		BE2CEA751F5B232400EE418D /* TrianglePinAnnotationView.swift in Sources */ = {isa = PBXBuildFile; fileRef = BE2CEA741F5B232400EE418D /* TrianglePinAnnotationView.swift */; };
		BE3480E21F4DF26F006A528F /* AppDelegate.swift in Sources */ = {isa = PBXBuildFile; fileRef = BE3480E11F4DF26F006A528F /* AppDelegate.swift */; };
		BE3480E41F4DF26F006A528F /* DistanceConfigurationViewController.swift in Sources */ = {isa = PBXBuildFile; fileRef = BE3480E31F4DF26F006A528F /* DistanceConfigurationViewController.swift */; };
		BE3480E71F4DF26F006A528F /* Main.storyboard in Resources */ = {isa = PBXBuildFile; fileRef = BE3480E51F4DF26F006A528F /* Main.storyboard */; };
		BE3480E91F4DF26F006A528F /* Assets.xcassets in Resources */ = {isa = PBXBuildFile; fileRef = BE3480E81F4DF26F006A528F /* Assets.xcassets */; };
		BE3480EC1F4DF26F006A528F /* LaunchScreen.storyboard in Resources */ = {isa = PBXBuildFile; fileRef = BE3480EA1F4DF26F006A528F /* LaunchScreen.storyboard */; };
		BE3480F71F4DF26F006A528F /* FindMeTests.swift in Sources */ = {isa = PBXBuildFile; fileRef = BE3480F61F4DF26F006A528F /* FindMeTests.swift */; };
		BE3481021F4DF26F006A528F /* FindMeUITests.swift in Sources */ = {isa = PBXBuildFile; fileRef = BE3481011F4DF26F006A528F /* FindMeUITests.swift */; };
		BE3481101F4DF588006A528F /* FindMeMapViewController.swift in Sources */ = {isa = PBXBuildFile; fileRef = BE34810F1F4DF588006A528F /* FindMeMapViewController.swift */; };
		BE3D2EED1F64363000D2F80C /* EdgeToCenterPolyline.swift in Sources */ = {isa = PBXBuildFile; fileRef = BE3D2EEC1F64363000D2F80C /* EdgeToCenterPolyline.swift */; };
		BE3E9A991F4DFE7400F9CAFC /* DistanceConfigurationTableViewCell.swift in Sources */ = {isa = PBXBuildFile; fileRef = BE3E9A981F4DFE7400F9CAFC /* DistanceConfigurationTableViewCell.swift */; };
		BE3E9A9B1F4E017D00F9CAFC /* EdgePin.swift in Sources */ = {isa = PBXBuildFile; fileRef = BE3E9A9A1F4E017D00F9CAFC /* EdgePin.swift */; };
		BE533CA31F51AD3800CB2E1C /* TriangulationDS.swift in Sources */ = {isa = PBXBuildFile; fileRef = BE533CA21F51AD3800CB2E1C /* TriangulationDS.swift */; };
		BE533CA51F51DB1500CB2E1C /* CenterPin.swift in Sources */ = {isa = PBXBuildFile; fileRef = BE533CA41F51DB1500CB2E1C /* CenterPin.swift */; };
		BE533CA71F51E14B00CB2E1C /* EdgeCircle.swift in Sources */ = {isa = PBXBuildFile; fileRef = BE533CA61F51E14B00CB2E1C /* EdgeCircle.swift */; };
		BE5A7FA41F52DC2700C18FDC /* CenterTableViewCell.swift in Sources */ = {isa = PBXBuildFile; fileRef = BE5A7FA31F52DC2700C18FDC /* CenterTableViewCell.swift */; };
		BE6365681F61DDB90073BC53 /* Localizable.strings in Resources */ = {isa = PBXBuildFile; fileRef = BE63656A1F61DDB90073BC53 /* Localizable.strings */; };
		BE9AF7C91F50A137004C8760 /* Point.swift in Sources */ = {isa = PBXBuildFile; fileRef = BE9AF7C81F50A137004C8760 /* Point.swift */; };
		BEF187C61F57366A007D99CD /* DistanceFromBarycentreTableViewCell.swift in Sources */ = {isa = PBXBuildFile; fileRef = BEF187C51F57366A007D99CD /* DistanceFromBarycentreTableViewCell.swift */; };
/* End PBXBuildFile section */

/* Begin PBXContainerItemProxy section */
		BE3480F31F4DF26F006A528F /* PBXContainerItemProxy */ = {
			isa = PBXContainerItemProxy;
			containerPortal = BE3480D61F4DF26F006A528F /* Project object */;
			proxyType = 1;
			remoteGlobalIDString = BE3480DD1F4DF26F006A528F;
			remoteInfo = FindMe;
		};
		BE3480FE1F4DF26F006A528F /* PBXContainerItemProxy */ = {
			isa = PBXContainerItemProxy;
			containerPortal = BE3480D61F4DF26F006A528F /* Project object */;
			proxyType = 1;
			remoteGlobalIDString = BE3480DD1F4DF26F006A528F;
			remoteInfo = FindMe;
		};
/* End PBXContainerItemProxy section */

/* Begin PBXFileReference section */
		BE0BD9141F54AB3600EDD0EA /* TrianglePin.swift */ = {isa = PBXFileReference; lastKnownFileType = sourcecode.swift; path = TrianglePin.swift; sourceTree = "<group>"; };
		BE15420F1F5F37D000D4B710 /* DistanceTriangleTableViewCell.swift */ = {isa = PBXFileReference; lastKnownFileType = sourcecode.swift; path = DistanceTriangleTableViewCell.swift; sourceTree = "<group>"; };
		BE2CEA701F5B1E3700EE418D /* EdgePinViewAnnotation.swift */ = {isa = PBXFileReference; lastKnownFileType = sourcecode.swift; path = EdgePinViewAnnotation.swift; sourceTree = "<group>"; };
		BE2CEA721F5B22AC00EE418D /* CenterPinViewAnnotation.swift */ = {isa = PBXFileReference; lastKnownFileType = sourcecode.swift; path = CenterPinViewAnnotation.swift; sourceTree = "<group>"; };
		BE2CEA741F5B232400EE418D /* TrianglePinAnnotationView.swift */ = {isa = PBXFileReference; lastKnownFileType = sourcecode.swift; path = TrianglePinAnnotationView.swift; sourceTree = "<group>"; };
		BE3480DE1F4DF26F006A528F /* FindMe.app */ = {isa = PBXFileReference; explicitFileType = wrapper.application; includeInIndex = 0; path = FindMe.app; sourceTree = BUILT_PRODUCTS_DIR; };
		BE3480E11F4DF26F006A528F /* AppDelegate.swift */ = {isa = PBXFileReference; lastKnownFileType = sourcecode.swift; path = AppDelegate.swift; sourceTree = "<group>"; };
		BE3480E31F4DF26F006A528F /* DistanceConfigurationViewController.swift */ = {isa = PBXFileReference; lastKnownFileType = sourcecode.swift; path = DistanceConfigurationViewController.swift; sourceTree = "<group>"; };
		BE3480E61F4DF26F006A528F /* Base */ = {isa = PBXFileReference; lastKnownFileType = file.storyboard; name = Base; path = Base.lproj/Main.storyboard; sourceTree = "<group>"; };
		BE3480E81F4DF26F006A528F /* Assets.xcassets */ = {isa = PBXFileReference; lastKnownFileType = folder.assetcatalog; path = Assets.xcassets; sourceTree = "<group>"; };
		BE3480EB1F4DF26F006A528F /* Base */ = {isa = PBXFileReference; lastKnownFileType = file.storyboard; name = Base; path = Base.lproj/LaunchScreen.storyboard; sourceTree = "<group>"; };
		BE3480ED1F4DF26F006A528F /* Info.plist */ = {isa = PBXFileReference; lastKnownFileType = text.plist.xml; path = Info.plist; sourceTree = "<group>"; };
		BE3480F21F4DF26F006A528F /* FindMeTests.xctest */ = {isa = PBXFileReference; explicitFileType = wrapper.cfbundle; includeInIndex = 0; path = FindMeTests.xctest; sourceTree = BUILT_PRODUCTS_DIR; };
		BE3480F61F4DF26F006A528F /* FindMeTests.swift */ = {isa = PBXFileReference; lastKnownFileType = sourcecode.swift; path = FindMeTests.swift; sourceTree = "<group>"; };
		BE3480F81F4DF26F006A528F /* Info.plist */ = {isa = PBXFileReference; lastKnownFileType = text.plist.xml; path = Info.plist; sourceTree = "<group>"; };
		BE3480FD1F4DF26F006A528F /* FindMeUITests.xctest */ = {isa = PBXFileReference; explicitFileType = wrapper.cfbundle; includeInIndex = 0; path = FindMeUITests.xctest; sourceTree = BUILT_PRODUCTS_DIR; };
		BE3481011F4DF26F006A528F /* FindMeUITests.swift */ = {isa = PBXFileReference; lastKnownFileType = sourcecode.swift; path = FindMeUITests.swift; sourceTree = "<group>"; };
		BE3481031F4DF26F006A528F /* Info.plist */ = {isa = PBXFileReference; lastKnownFileType = text.plist.xml; path = Info.plist; sourceTree = "<group>"; };
		BE34810F1F4DF588006A528F /* FindMeMapViewController.swift */ = {isa = PBXFileReference; lastKnownFileType = sourcecode.swift; path = FindMeMapViewController.swift; sourceTree = "<group>"; };
		BE3D2EEC1F64363000D2F80C /* EdgeToCenterPolyline.swift */ = {isa = PBXFileReference; lastKnownFileType = sourcecode.swift; path = EdgeToCenterPolyline.swift; sourceTree = "<group>"; };
		BE3E9A981F4DFE7400F9CAFC /* DistanceConfigurationTableViewCell.swift */ = {isa = PBXFileReference; lastKnownFileType = sourcecode.swift; path = DistanceConfigurationTableViewCell.swift; sourceTree = "<group>"; };
		BE3E9A9A1F4E017D00F9CAFC /* EdgePin.swift */ = {isa = PBXFileReference; lastKnownFileType = sourcecode.swift; path = EdgePin.swift; sourceTree = "<group>"; };
		BE533CA21F51AD3800CB2E1C /* TriangulationDS.swift */ = {isa = PBXFileReference; lastKnownFileType = sourcecode.swift; path = TriangulationDS.swift; sourceTree = "<group>"; };
		BE533CA41F51DB1500CB2E1C /* CenterPin.swift */ = {isa = PBXFileReference; lastKnownFileType = sourcecode.swift; path = CenterPin.swift; sourceTree = "<group>"; };
		BE533CA61F51E14B00CB2E1C /* EdgeCircle.swift */ = {isa = PBXFileReference; lastKnownFileType = sourcecode.swift; path = EdgeCircle.swift; sourceTree = "<group>"; };
		BE5A7FA31F52DC2700C18FDC /* CenterTableViewCell.swift */ = {isa = PBXFileReference; lastKnownFileType = sourcecode.swift; path = CenterTableViewCell.swift; sourceTree = "<group>"; };
		BE6365641F61DB750073BC53 /* fr */ = {isa = PBXFileReference; lastKnownFileType = text.plist.strings; name = fr; path = fr.lproj/LaunchScreen.strings; sourceTree = "<group>"; };
		BE6365651F61DB750073BC53 /* fr */ = {isa = PBXFileReference; lastKnownFileType = text.plist.strings; name = fr; path = fr.lproj/Main.strings; sourceTree = "<group>"; };
		BE6365691F61DDB90073BC53 /* fr */ = {isa = PBXFileReference; lastKnownFileType = text.plist.strings; name = fr; path = fr.lproj/Localizable.strings; sourceTree = "<group>"; };
		BE63656B1F61DDCD0073BC53 /* Base */ = {isa = PBXFileReference; lastKnownFileType = text.plist.strings; name = Base; path = Base.lproj/Localizable.strings; sourceTree = "<group>"; };
		BE9AF7C81F50A137004C8760 /* Point.swift */ = {isa = PBXFileReference; lastKnownFileType = sourcecode.swift; path = Point.swift; sourceTree = "<group>"; };
		BEF187C51F57366A007D99CD /* DistanceFromBarycentreTableViewCell.swift */ = {isa = PBXFileReference; lastKnownFileType = sourcecode.swift; path = DistanceFromBarycentreTableViewCell.swift; sourceTree = "<group>"; };
/* End PBXFileReference section */

/* Begin PBXFrameworksBuildPhase section */
		BE3480DB1F4DF26F006A528F /* Frameworks */ = {
			isa = PBXFrameworksBuildPhase;
			buildActionMask = 2147483647;
			files = (
			);
			runOnlyForDeploymentPostprocessing = 0;
		};
		BE3480EF1F4DF26F006A528F /* Frameworks */ = {
			isa = PBXFrameworksBuildPhase;
			buildActionMask = 2147483647;
			files = (
			);
			runOnlyForDeploymentPostprocessing = 0;
		};
		BE3480FA1F4DF26F006A528F /* Frameworks */ = {
			isa = PBXFrameworksBuildPhase;
			buildActionMask = 2147483647;
			files = (
			);
			runOnlyForDeploymentPostprocessing = 0;
		};
/* End PBXFrameworksBuildPhase section */

/* Begin PBXGroup section */
		BE1542111F5F410D00D4B710 /* Cell */ = {
			isa = PBXGroup;
			children = (
				BE3E9A981F4DFE7400F9CAFC /* DistanceConfigurationTableViewCell.swift */,
				BEF187C51F57366A007D99CD /* DistanceFromBarycentreTableViewCell.swift */,
				BE5A7FA31F52DC2700C18FDC /* CenterTableViewCell.swift */,
				BE15420F1F5F37D000D4B710 /* DistanceTriangleTableViewCell.swift */,
			);
			path = Cell;
			sourceTree = "<group>";
		};
		BE2CEA761F5B237300EE418D /* MapAnnotations */ = {
			isa = PBXGroup;
			children = (
				BE3E9A9A1F4E017D00F9CAFC /* EdgePin.swift */,
				BE2CEA701F5B1E3700EE418D /* EdgePinViewAnnotation.swift */,
				BE533CA61F51E14B00CB2E1C /* EdgeCircle.swift */,
				BE533CA41F51DB1500CB2E1C /* CenterPin.swift */,
				BE2CEA721F5B22AC00EE418D /* CenterPinViewAnnotation.swift */,
				BE0BD9141F54AB3600EDD0EA /* TrianglePin.swift */,
				BE2CEA741F5B232400EE418D /* TrianglePinAnnotationView.swift */,
				BE3D2EEC1F64363000D2F80C /* EdgeToCenterPolyline.swift */,
			);
			path = MapAnnotations;
			sourceTree = "<group>";
		};
		BE3480D51F4DF26F006A528F = {
			isa = PBXGroup;
			children = (
				BE3480E01F4DF26F006A528F /* FindMe */,
				BE3480F51F4DF26F006A528F /* FindMeTests */,
				BE3481001F4DF26F006A528F /* FindMeUITests */,
				BE3480DF1F4DF26F006A528F /* Products */,
			);
			sourceTree = "<group>";
		};
		BE3480DF1F4DF26F006A528F /* Products */ = {
			isa = PBXGroup;
			children = (
				BE3480DE1F4DF26F006A528F /* FindMe.app */,
				BE3480F21F4DF26F006A528F /* FindMeTests.xctest */,
				BE3480FD1F4DF26F006A528F /* FindMeUITests.xctest */,
			);
			name = Products;
			sourceTree = "<group>";
		};
		BE3480E01F4DF26F006A528F /* FindMe */ = {
			isa = PBXGroup;
			children = (
				BE3480ED1F4DF26F006A528F /* Info.plist */,
				BE63656A1F61DDB90073BC53 /* Localizable.strings */,
				BE3480EA1F4DF26F006A528F /* LaunchScreen.storyboard */,
				BE3480E51F4DF26F006A528F /* Main.storyboard */,
				BE3480E11F4DF26F006A528F /* AppDelegate.swift */,
				BE3480E81F4DF26F006A528F /* Assets.xcassets */,
				BE2CEA761F5B237300EE418D /* MapAnnotations */,
				BE5907B41F5BFD8200B18756 /* DistanceTab */,
				BE9AF7C71F50A11B004C8760 /* Utils */,
				BE34810F1F4DF588006A528F /* FindMeMapViewController.swift */,
				BE533CA21F51AD3800CB2E1C /* TriangulationDS.swift */,
			);
			path = FindMe;
			sourceTree = "<group>";
		};
		BE3480F51F4DF26F006A528F /* FindMeTests */ = {
			isa = PBXGroup;
			children = (
				BE3480F61F4DF26F006A528F /* FindMeTests.swift */,
				BE3480F81F4DF26F006A528F /* Info.plist */,
			);
			path = FindMeTests;
			sourceTree = "<group>";
		};
		BE3481001F4DF26F006A528F /* FindMeUITests */ = {
			isa = PBXGroup;
			children = (
				BE3481011F4DF26F006A528F /* FindMeUITests.swift */,
				BE3481031F4DF26F006A528F /* Info.plist */,
			);
			path = FindMeUITests;
			sourceTree = "<group>";
		};
		BE5907B41F5BFD8200B18756 /* DistanceTab */ = {
			isa = PBXGroup;
			children = (
				BE3480E31F4DF26F006A528F /* DistanceConfigurationViewController.swift */,
				BE1542111F5F410D00D4B710 /* Cell */,
			);
			path = DistanceTab;
			sourceTree = "<group>";
		};
		BE9AF7C71F50A11B004C8760 /* Utils */ = {
			isa = PBXGroup;
			children = (
				BE9AF7C81F50A137004C8760 /* Point.swift */,
			);
			path = Utils;
			sourceTree = "<group>";
		};
/* End PBXGroup section */

/* Begin PBXNativeTarget section */
		BE3480DD1F4DF26F006A528F /* FindMe */ = {
			isa = PBXNativeTarget;
			buildConfigurationList = BE3481061F4DF26F006A528F /* Build configuration list for PBXNativeTarget "FindMe" */;
			buildPhases = (
				BE3480DA1F4DF26F006A528F /* Sources */,
				BE3480DB1F4DF26F006A528F /* Frameworks */,
				BE3480DC1F4DF26F006A528F /* Resources */,
			);
			buildRules = (
			);
			dependencies = (
			);
			name = FindMe;
			productName = FindMe;
			productReference = BE3480DE1F4DF26F006A528F /* FindMe.app */;
			productType = "com.apple.product-type.application";
		};
		BE3480F11F4DF26F006A528F /* FindMeTests */ = {
			isa = PBXNativeTarget;
			buildConfigurationList = BE3481091F4DF26F006A528F /* Build configuration list for PBXNativeTarget "FindMeTests" */;
			buildPhases = (
				BE3480EE1F4DF26F006A528F /* Sources */,
				BE3480EF1F4DF26F006A528F /* Frameworks */,
				BE3480F01F4DF26F006A528F /* Resources */,
			);
			buildRules = (
			);
			dependencies = (
				BE3480F41F4DF26F006A528F /* PBXTargetDependency */,
			);
			name = FindMeTests;
			productName = FindMeTests;
			productReference = BE3480F21F4DF26F006A528F /* FindMeTests.xctest */;
			productType = "com.apple.product-type.bundle.unit-test";
		};
		BE3480FC1F4DF26F006A528F /* FindMeUITests */ = {
			isa = PBXNativeTarget;
			buildConfigurationList = BE34810C1F4DF26F006A528F /* Build configuration list for PBXNativeTarget "FindMeUITests" */;
			buildPhases = (
				BE3480F91F4DF26F006A528F /* Sources */,
				BE3480FA1F4DF26F006A528F /* Frameworks */,
				BE3480FB1F4DF26F006A528F /* Resources */,
			);
			buildRules = (
			);
			dependencies = (
				BE3480FF1F4DF26F006A528F /* PBXTargetDependency */,
			);
			name = FindMeUITests;
			productName = FindMeUITests;
			productReference = BE3480FD1F4DF26F006A528F /* FindMeUITests.xctest */;
			productType = "com.apple.product-type.bundle.ui-testing";
		};
/* End PBXNativeTarget section */

/* Begin PBXProject section */
		BE3480D61F4DF26F006A528F /* Project object */ = {
			isa = PBXProject;
			attributes = {
				LastSwiftUpdateCheck = 0900;
				LastUpgradeCheck = 0900;
				ORGANIZATIONNAME = "Sébastien Brugalières";
				TargetAttributes = {
					BE3480DD1F4DF26F006A528F = {
						CreatedOnToolsVersion = 9.0;
					};
					BE3480F11F4DF26F006A528F = {
						CreatedOnToolsVersion = 9.0;
						TestTargetID = BE3480DD1F4DF26F006A528F;
					};
					BE3480FC1F4DF26F006A528F = {
						CreatedOnToolsVersion = 9.0;
						TestTargetID = BE3480DD1F4DF26F006A528F;
					};
				};
			};
			buildConfigurationList = BE3480D91F4DF26F006A528F /* Build configuration list for PBXProject "FindMe" */;
			compatibilityVersion = "Xcode 8.0";
			developmentRegion = en;
			hasScannedForEncodings = 0;
			knownRegions = (
				en,
				Base,
			);
			mainGroup = BE3480D51F4DF26F006A528F;
			productRefGroup = BE3480DF1F4DF26F006A528F /* Products */;
			projectDirPath = "";
			projectRoot = "";
			targets = (
				BE3480DD1F4DF26F006A528F /* FindMe */,
				BE3480F11F4DF26F006A528F /* FindMeTests */,
				BE3480FC1F4DF26F006A528F /* FindMeUITests */,
			);
		};
/* End PBXProject section */

/* Begin PBXResourcesBuildPhase section */
		BE3480DC1F4DF26F006A528F /* Resources */ = {
			isa = PBXResourcesBuildPhase;
			buildActionMask = 2147483647;
			files = (
				BE3480EC1F4DF26F006A528F /* LaunchScreen.storyboard in Resources */,
				BE6365681F61DDB90073BC53 /* Localizable.strings in Resources */,
				BE3480E91F4DF26F006A528F /* Assets.xcassets in Resources */,
				BE3480E71F4DF26F006A528F /* Main.storyboard in Resources */,
			);
			runOnlyForDeploymentPostprocessing = 0;
		};
		BE3480F01F4DF26F006A528F /* Resources */ = {
			isa = PBXResourcesBuildPhase;
			buildActionMask = 2147483647;
			files = (
			);
			runOnlyForDeploymentPostprocessing = 0;
		};
		BE3480FB1F4DF26F006A528F /* Resources */ = {
			isa = PBXResourcesBuildPhase;
			buildActionMask = 2147483647;
			files = (
			);
			runOnlyForDeploymentPostprocessing = 0;
		};
/* End PBXResourcesBuildPhase section */

/* Begin PBXSourcesBuildPhase section */
		BE3480DA1F4DF26F006A528F /* Sources */ = {
			isa = PBXSourcesBuildPhase;
			buildActionMask = 2147483647;
			files = (
				BE2CEA711F5B1E3700EE418D /* EdgePinViewAnnotation.swift in Sources */,
				BE3480E41F4DF26F006A528F /* DistanceConfigurationViewController.swift in Sources */,
				BE1542101F5F37D000D4B710 /* DistanceTriangleTableViewCell.swift in Sources */,
				BE2CEA731F5B22AC00EE418D /* CenterPinViewAnnotation.swift in Sources */,
				BE3E9A9B1F4E017D00F9CAFC /* EdgePin.swift in Sources */,
				BE533CA51F51DB1500CB2E1C /* CenterPin.swift in Sources */,
				BE9AF7C91F50A137004C8760 /* Point.swift in Sources */,
				BE3E9A991F4DFE7400F9CAFC /* DistanceConfigurationTableViewCell.swift in Sources */,
				BEF187C61F57366A007D99CD /* DistanceFromBarycentreTableViewCell.swift in Sources */,
				BE3481101F4DF588006A528F /* FindMeMapViewController.swift in Sources */,
				BE0BD9151F54AB3600EDD0EA /* TrianglePin.swift in Sources */,
				BE5A7FA41F52DC2700C18FDC /* CenterTableViewCell.swift in Sources */,
				BE533CA31F51AD3800CB2E1C /* TriangulationDS.swift in Sources */,
				BE2CEA751F5B232400EE418D /* TrianglePinAnnotationView.swift in Sources */,
				BE3D2EED1F64363000D2F80C /* EdgeToCenterPolyline.swift in Sources */,
				BE3480E21F4DF26F006A528F /* AppDelegate.swift in Sources */,
				BE533CA71F51E14B00CB2E1C /* EdgeCircle.swift in Sources */,
			);
			runOnlyForDeploymentPostprocessing = 0;
		};
		BE3480EE1F4DF26F006A528F /* Sources */ = {
			isa = PBXSourcesBuildPhase;
			buildActionMask = 2147483647;
			files = (
				BE3480F71F4DF26F006A528F /* FindMeTests.swift in Sources */,
			);
			runOnlyForDeploymentPostprocessing = 0;
		};
		BE3480F91F4DF26F006A528F /* Sources */ = {
			isa = PBXSourcesBuildPhase;
			buildActionMask = 2147483647;
			files = (
				BE3481021F4DF26F006A528F /* FindMeUITests.swift in Sources */,
			);
			runOnlyForDeploymentPostprocessing = 0;
		};
/* End PBXSourcesBuildPhase section */

/* Begin PBXTargetDependency section */
		BE3480F41F4DF26F006A528F /* PBXTargetDependency */ = {
			isa = PBXTargetDependency;
			target = BE3480DD1F4DF26F006A528F /* FindMe */;
			targetProxy = BE3480F31F4DF26F006A528F /* PBXContainerItemProxy */;
		};
		BE3480FF1F4DF26F006A528F /* PBXTargetDependency */ = {
			isa = PBXTargetDependency;
			target = BE3480DD1F4DF26F006A528F /* FindMe */;
			targetProxy = BE3480FE1F4DF26F006A528F /* PBXContainerItemProxy */;
		};
/* End PBXTargetDependency section */

/* Begin PBXVariantGroup section */
		BE3480E51F4DF26F006A528F /* Main.storyboard */ = {
			isa = PBXVariantGroup;
			children = (
				BE3480E61F4DF26F006A528F /* Base */,
				BE6365651F61DB750073BC53 /* fr */,
			);
			name = Main.storyboard;
			sourceTree = "<group>";
		};
		BE3480EA1F4DF26F006A528F /* LaunchScreen.storyboard */ = {
			isa = PBXVariantGroup;
			children = (
				BE3480EB1F4DF26F006A528F /* Base */,
				BE6365641F61DB750073BC53 /* fr */,
			);
			name = LaunchScreen.storyboard;
			sourceTree = "<group>";
		};
		BE63656A1F61DDB90073BC53 /* Localizable.strings */ = {
			isa = PBXVariantGroup;
			children = (
				BE6365691F61DDB90073BC53 /* fr */,
				BE63656B1F61DDCD0073BC53 /* Base */,
			);
			name = Localizable.strings;
			sourceTree = "<group>";
		};
/* End PBXVariantGroup section */

/* Begin XCBuildConfiguration section */
		BE3481041F4DF26F006A528F /* Debug */ = {
			isa = XCBuildConfiguration;
			buildSettings = {
				ALWAYS_SEARCH_USER_PATHS = NO;
				CLANG_ANALYZER_LOCALIZABILITY_NONLOCALIZED = YES;
				CLANG_ANALYZER_NONNULL = YES;
				CLANG_ANALYZER_NUMBER_OBJECT_CONVERSION = YES_AGGRESSIVE;
				CLANG_CXX_LANGUAGE_STANDARD = "gnu++14";
				CLANG_CXX_LIBRARY = "libc++";
				CLANG_ENABLE_MODULES = YES;
				CLANG_ENABLE_OBJC_ARC = YES;
				CLANG_WARN_BLOCK_CAPTURE_AUTORELEASING = YES;
				CLANG_WARN_BOOL_CONVERSION = YES;
				CLANG_WARN_COMMA = YES;
				CLANG_WARN_CONSTANT_CONVERSION = YES;
				CLANG_WARN_DIRECT_OBJC_ISA_USAGE = YES_ERROR;
				CLANG_WARN_DOCUMENTATION_COMMENTS = YES;
				CLANG_WARN_EMPTY_BODY = YES;
				CLANG_WARN_ENUM_CONVERSION = YES;
				CLANG_WARN_INFINITE_RECURSION = YES;
				CLANG_WARN_INT_CONVERSION = YES;
				CLANG_WARN_NON_LITERAL_NULL_CONVERSION = YES;
				CLANG_WARN_OBJC_LITERAL_CONVERSION = YES;
				CLANG_WARN_OBJC_ROOT_CLASS = YES_ERROR;
				CLANG_WARN_RANGE_LOOP_ANALYSIS = YES;
				CLANG_WARN_STRICT_PROTOTYPES = YES;
				CLANG_WARN_SUSPICIOUS_MOVE = YES;
				CLANG_WARN_UNGUARDED_AVAILABILITY = YES_AGGRESSIVE;
				CLANG_WARN_UNREACHABLE_CODE = YES;
				CLANG_WARN__DUPLICATE_METHOD_MATCH = YES;
				CODE_SIGN_IDENTITY = "iPhone Developer";
				COPY_PHASE_STRIP = NO;
				DEBUG_INFORMATION_FORMAT = dwarf;
				ENABLE_STRICT_OBJC_MSGSEND = YES;
				ENABLE_TESTABILITY = YES;
				GCC_C_LANGUAGE_STANDARD = gnu11;
				GCC_DYNAMIC_NO_PIC = NO;
				GCC_NO_COMMON_BLOCKS = YES;
				GCC_OPTIMIZATION_LEVEL = 0;
				GCC_PREPROCESSOR_DEFINITIONS = (
					"DEBUG=1",
					"$(inherited)",
				);
				GCC_WARN_64_TO_32_BIT_CONVERSION = YES;
				GCC_WARN_ABOUT_RETURN_TYPE = YES_ERROR;
				GCC_WARN_UNDECLARED_SELECTOR = YES;
				GCC_WARN_UNINITIALIZED_AUTOS = YES_AGGRESSIVE;
				GCC_WARN_UNUSED_FUNCTION = YES;
				GCC_WARN_UNUSED_VARIABLE = YES;
				IPHONEOS_DEPLOYMENT_TARGET = 11.0;
				MTL_ENABLE_DEBUG_INFO = YES;
				ONLY_ACTIVE_ARCH = YES;
				SDKROOT = iphoneos;
				SWIFT_ACTIVE_COMPILATION_CONDITIONS = DEBUG;
				SWIFT_OPTIMIZATION_LEVEL = "-Onone";
			};
			name = Debug;
		};
		BE3481051F4DF26F006A528F /* Release */ = {
			isa = XCBuildConfiguration;
			buildSettings = {
				ALWAYS_SEARCH_USER_PATHS = NO;
				CLANG_ANALYZER_LOCALIZABILITY_NONLOCALIZED = YES;
				CLANG_ANALYZER_NONNULL = YES;
				CLANG_ANALYZER_NUMBER_OBJECT_CONVERSION = YES_AGGRESSIVE;
				CLANG_CXX_LANGUAGE_STANDARD = "gnu++14";
				CLANG_CXX_LIBRARY = "libc++";
				CLANG_ENABLE_MODULES = YES;
				CLANG_ENABLE_OBJC_ARC = YES;
				CLANG_WARN_BLOCK_CAPTURE_AUTORELEASING = YES;
				CLANG_WARN_BOOL_CONVERSION = YES;
				CLANG_WARN_COMMA = YES;
				CLANG_WARN_CONSTANT_CONVERSION = YES;
				CLANG_WARN_DIRECT_OBJC_ISA_USAGE = YES_ERROR;
				CLANG_WARN_DOCUMENTATION_COMMENTS = YES;
				CLANG_WARN_EMPTY_BODY = YES;
				CLANG_WARN_ENUM_CONVERSION = YES;
				CLANG_WARN_INFINITE_RECURSION = YES;
				CLANG_WARN_INT_CONVERSION = YES;
				CLANG_WARN_NON_LITERAL_NULL_CONVERSION = YES;
				CLANG_WARN_OBJC_LITERAL_CONVERSION = YES;
				CLANG_WARN_OBJC_ROOT_CLASS = YES_ERROR;
				CLANG_WARN_RANGE_LOOP_ANALYSIS = YES;
				CLANG_WARN_STRICT_PROTOTYPES = YES;
				CLANG_WARN_SUSPICIOUS_MOVE = YES;
				CLANG_WARN_UNGUARDED_AVAILABILITY = YES_AGGRESSIVE;
				CLANG_WARN_UNREACHABLE_CODE = YES;
				CLANG_WARN__DUPLICATE_METHOD_MATCH = YES;
				CODE_SIGN_IDENTITY = "iPhone Developer";
				COPY_PHASE_STRIP = NO;
				DEBUG_INFORMATION_FORMAT = "dwarf-with-dsym";
				ENABLE_NS_ASSERTIONS = NO;
				ENABLE_STRICT_OBJC_MSGSEND = YES;
				GCC_C_LANGUAGE_STANDARD = gnu11;
				GCC_NO_COMMON_BLOCKS = YES;
				GCC_WARN_64_TO_32_BIT_CONVERSION = YES;
				GCC_WARN_ABOUT_RETURN_TYPE = YES_ERROR;
				GCC_WARN_UNDECLARED_SELECTOR = YES;
				GCC_WARN_UNINITIALIZED_AUTOS = YES_AGGRESSIVE;
				GCC_WARN_UNUSED_FUNCTION = YES;
				GCC_WARN_UNUSED_VARIABLE = YES;
				IPHONEOS_DEPLOYMENT_TARGET = 11.0;
				MTL_ENABLE_DEBUG_INFO = NO;
				SDKROOT = iphoneos;
				SWIFT_OPTIMIZATION_LEVEL = "-Owholemodule";
				VALIDATE_PRODUCT = YES;
			};
			name = Release;
		};
		BE3481071F4DF26F006A528F /* Debug */ = {
			isa = XCBuildConfiguration;
			buildSettings = {
				ASSETCATALOG_COMPILER_APPICON_NAME = AppIcon;
				DEVELOPMENT_TEAM = 7VVU8FW2ME;
				INFOPLIST_FILE = FindMe/Info.plist;
				LD_RUNPATH_SEARCH_PATHS = "$(inherited) @executable_path/Frameworks";
				PRODUCT_BUNDLE_IDENTIFIER = com.sebastien.FindMe;
				PRODUCT_NAME = "$(TARGET_NAME)";
				SWIFT_VERSION = 4.0;
				TARGETED_DEVICE_FAMILY = "1,2";
			};
			name = Debug;
		};
		BE3481081F4DF26F006A528F /* Release */ = {
			isa = XCBuildConfiguration;
			buildSettings = {
				ASSETCATALOG_COMPILER_APPICON_NAME = AppIcon;
				DEVELOPMENT_TEAM = 7VVU8FW2ME;
				INFOPLIST_FILE = FindMe/Info.plist;
				LD_RUNPATH_SEARCH_PATHS = "$(inherited) @executable_path/Frameworks";
				PRODUCT_BUNDLE_IDENTIFIER = com.sebastien.FindMe;
				PRODUCT_NAME = "$(TARGET_NAME)";
				SWIFT_VERSION = 4.0;
				TARGETED_DEVICE_FAMILY = "1,2";
			};
			name = Release;
		};
		BE34810A1F4DF26F006A528F /* Debug */ = {
			isa = XCBuildConfiguration;
			buildSettings = {
				ALWAYS_EMBED_SWIFT_STANDARD_LIBRARIES = YES;
				BUNDLE_LOADER = "$(TEST_HOST)";
				DEVELOPMENT_TEAM = 7VVU8FW2ME;
				INFOPLIST_FILE = FindMeTests/Info.plist;
				LD_RUNPATH_SEARCH_PATHS = "$(inherited) @executable_path/Frameworks @loader_path/Frameworks";
				PRODUCT_BUNDLE_IDENTIFIER = com.sebastien.FindMeTests;
				PRODUCT_NAME = "$(TARGET_NAME)";
				SWIFT_VERSION = 4.0;
				TARGETED_DEVICE_FAMILY = "1,2";
				TEST_HOST = "$(BUILT_PRODUCTS_DIR)/FindMe.app/FindMe";
			};
			name = Debug;
		};
		BE34810B1F4DF26F006A528F /* Release */ = {
			isa = XCBuildConfiguration;
			buildSettings = {
				ALWAYS_EMBED_SWIFT_STANDARD_LIBRARIES = YES;
				BUNDLE_LOADER = "$(TEST_HOST)";
				DEVELOPMENT_TEAM = 7VVU8FW2ME;
				INFOPLIST_FILE = FindMeTests/Info.plist;
				LD_RUNPATH_SEARCH_PATHS = "$(inherited) @executable_path/Frameworks @loader_path/Frameworks";
				PRODUCT_BUNDLE_IDENTIFIER = com.sebastien.FindMeTests;
				PRODUCT_NAME = "$(TARGET_NAME)";
				SWIFT_VERSION = 4.0;
				TARGETED_DEVICE_FAMILY = "1,2";
				TEST_HOST = "$(BUILT_PRODUCTS_DIR)/FindMe.app/FindMe";
			};
			name = Release;
		};
		BE34810D1F4DF26F006A528F /* Debug */ = {
			isa = XCBuildConfiguration;
			buildSettings = {
				ALWAYS_EMBED_SWIFT_STANDARD_LIBRARIES = YES;
				DEVELOPMENT_TEAM = 7VVU8FW2ME;
				INFOPLIST_FILE = FindMeUITests/Info.plist;
				LD_RUNPATH_SEARCH_PATHS = "$(inherited) @executable_path/Frameworks @loader_path/Frameworks";
				PRODUCT_BUNDLE_IDENTIFIER = com.sebastien.FindMeUITests;
				PRODUCT_NAME = "$(TARGET_NAME)";
				SWIFT_VERSION = 4.0;
				TARGETED_DEVICE_FAMILY = "1,2";
				TEST_TARGET_NAME = FindMe;
			};
			name = Debug;
		};
		BE34810E1F4DF26F006A528F /* Release */ = {
			isa = XCBuildConfiguration;
			buildSettings = {
				ALWAYS_EMBED_SWIFT_STANDARD_LIBRARIES = YES;
				DEVELOPMENT_TEAM = 7VVU8FW2ME;
				INFOPLIST_FILE = FindMeUITests/Info.plist;
				LD_RUNPATH_SEARCH_PATHS = "$(inherited) @executable_path/Frameworks @loader_path/Frameworks";
				PRODUCT_BUNDLE_IDENTIFIER = com.sebastien.FindMeUITests;
				PRODUCT_NAME = "$(TARGET_NAME)";
				SWIFT_VERSION = 4.0;
				TARGETED_DEVICE_FAMILY = "1,2";
				TEST_TARGET_NAME = FindMe;
			};
			name = Release;
		};
/* End XCBuildConfiguration section */

/* Begin XCConfigurationList section */
		BE3480D91F4DF26F006A528F /* Build configuration list for PBXProject "FindMe" */ = {
			isa = XCConfigurationList;
			buildConfigurations = (
				BE3481041F4DF26F006A528F /* Debug */,
				BE3481051F4DF26F006A528F /* Release */,
			);
			defaultConfigurationIsVisible = 0;
			defaultConfigurationName = Release;
		};
		BE3481061F4DF26F006A528F /* Build configuration list for PBXNativeTarget "FindMe" */ = {
			isa = XCConfigurationList;
			buildConfigurations = (
				BE3481071F4DF26F006A528F /* Debug */,
				BE3481081F4DF26F006A528F /* Release */,
			);
			defaultConfigurationIsVisible = 0;
			defaultConfigurationName = Release;
		};
		BE3481091F4DF26F006A528F /* Build configuration list for PBXNativeTarget "FindMeTests" */ = {
			isa = XCConfigurationList;
			buildConfigurations = (
				BE34810A1F4DF26F006A528F /* Debug */,
				BE34810B1F4DF26F006A528F /* Release */,
			);
			defaultConfigurationIsVisible = 0;
			defaultConfigurationName = Release;
		};
		BE34810C1F4DF26F006A528F /* Build configuration list for PBXNativeTarget "FindMeUITests" */ = {
			isa = XCConfigurationList;
			buildConfigurations = (
				BE34810D1F4DF26F006A528F /* Debug */,
				BE34810E1F4DF26F006A528F /* Release */,
			);
			defaultConfigurationIsVisible = 0;
			defaultConfigurationName = Release;
		};
/* End XCConfigurationList section */
	};
	rootObject = BE3480D61F4DF26F006A528F /* Project object */;
}
